// !$*UTF8*$!
{
	archiveVersion = 1;
	classes = {
	};
	objectVersion = 48;
	objects = {

/* Begin PBXBuildFile section */
		200591B81FDE2C0600AC0E74 /* DetailTableViewCell.swift in Sources */ = {isa = PBXBuildFile; fileRef = 200591B71FDE2C0600AC0E74 /* DetailTableViewCell.swift */; };
		200591BA1FDF3DDA00AC0E74 /* MyBankViewController.swift in Sources */ = {isa = PBXBuildFile; fileRef = 200591B91FDF3DDA00AC0E74 /* MyBankViewController.swift */; };
		200591BC1FDF4B4500AC0E74 /* BankCellTableViewCell.swift in Sources */ = {isa = PBXBuildFile; fileRef = 200591BB1FDF4B4500AC0E74 /* BankCellTableViewCell.swift */; };
		200591C31FDF579100AC0E74 /* Balance+CoreDataClass.swift in Sources */ = {isa = PBXBuildFile; fileRef = 200591C11FDF579100AC0E74 /* Balance+CoreDataClass.swift */; };
		200591C41FDF579100AC0E74 /* Balance+CoreDataProperties.swift in Sources */ = {isa = PBXBuildFile; fileRef = 200591C21FDF579100AC0E74 /* Balance+CoreDataProperties.swift */; };
		207068E11FB988B300AA8F7B /* KeyChain.swift in Sources */ = {isa = PBXBuildFile; fileRef = 207068E01FB988B300AA8F7B /* KeyChain.swift */; };
		20723E781FDA0A3400417C26 /* Core Data Stack.swift in Sources */ = {isa = PBXBuildFile; fileRef = 20723E771FDA0A3400417C26 /* Core Data Stack.swift */; };
		20723E7A1FDA0A8500417C26 /* PlaidOperation.swift in Sources */ = {isa = PBXBuildFile; fileRef = 20723E791FDA0A8500417C26 /* PlaidOperation.swift */; };
		207250411FD8C52C007AD838 /* BankingModel.xcdatamodeld in Sources */ = {isa = PBXBuildFile; fileRef = 2072503F1FD8C52B007AD838 /* BankingModel.xcdatamodeld */; };
		2084677B1FD77E59008B6C5E /* Plaid+Extension.swift in Sources */ = {isa = PBXBuildFile; fileRef = 2084677A1FD77E59008B6C5E /* Plaid+Extension.swift */; };
		208FEB871FE109F600624B6A /* CalendarStruct.swift in Sources */ = {isa = PBXBuildFile; fileRef = 208FEB861FE109F600624B6A /* CalendarStruct.swift */; };
		209745991FE38D19008EA6D8 /* Date+Extension.swift in Sources */ = {isa = PBXBuildFile; fileRef = 209745981FE38D19008EA6D8 /* Date+Extension.swift */; };
		2097459B1FE3914E008EA6D8 /* Expense Model.swift in Sources */ = {isa = PBXBuildFile; fileRef = 2097459A1FE3914E008EA6D8 /* Expense Model.swift */; };
		20BBC7441FDCDA560019AE0C /* Identity+CoreDataClass.swift in Sources */ = {isa = PBXBuildFile; fileRef = 20BBC73C1FDCDA560019AE0C /* Identity+CoreDataClass.swift */; };
		20BBC7451FDCDA560019AE0C /* Identity+CoreDataProperties.swift in Sources */ = {isa = PBXBuildFile; fileRef = 20BBC73D1FDCDA560019AE0C /* Identity+CoreDataProperties.swift */; };
		20BBC7461FDCDA560019AE0C /* PhoneNumber+CoreDataClass.swift in Sources */ = {isa = PBXBuildFile; fileRef = 20BBC73E1FDCDA560019AE0C /* PhoneNumber+CoreDataClass.swift */; };
		20BBC7471FDCDA560019AE0C /* PhoneNumber+CoreDataProperties.swift in Sources */ = {isa = PBXBuildFile; fileRef = 20BBC73F1FDCDA560019AE0C /* PhoneNumber+CoreDataProperties.swift */; };
		20BBC7481FDCDA560019AE0C /* Email+CoreDataClass.swift in Sources */ = {isa = PBXBuildFile; fileRef = 20BBC7401FDCDA560019AE0C /* Email+CoreDataClass.swift */; };
		20BBC7491FDCDA560019AE0C /* Email+CoreDataProperties.swift in Sources */ = {isa = PBXBuildFile; fileRef = 20BBC7411FDCDA560019AE0C /* Email+CoreDataProperties.swift */; };
		20BBC74A1FDCDA560019AE0C /* Addresses+CoreDataClass.swift in Sources */ = {isa = PBXBuildFile; fileRef = 20BBC7421FDCDA560019AE0C /* Addresses+CoreDataClass.swift */; };
		20BBC74B1FDCDA560019AE0C /* Addresses+CoreDataProperties.swift in Sources */ = {isa = PBXBuildFile; fileRef = 20BBC7431FDCDA560019AE0C /* Addresses+CoreDataProperties.swift */; };
		20BBC74E1FDCDD5D0019AE0C /* String Extension.swift in Sources */ = {isa = PBXBuildFile; fileRef = 20BBC74D1FDCDD5D0019AE0C /* String Extension.swift */; };
		20BC43251FB41C2700CBFFA1 /* AppDelegate.swift in Sources */ = {isa = PBXBuildFile; fileRef = 20BC43241FB41C2700CBFFA1 /* AppDelegate.swift */; };
		20BC432A1FB41C2700CBFFA1 /* Main.storyboard in Resources */ = {isa = PBXBuildFile; fileRef = 20BC43281FB41C2700CBFFA1 /* Main.storyboard */; };
		20BC432C1FB41C2700CBFFA1 /* Assets.xcassets in Resources */ = {isa = PBXBuildFile; fileRef = 20BC432B1FB41C2700CBFFA1 /* Assets.xcassets */; };
		20BC432F1FB41C2700CBFFA1 /* LaunchScreen.storyboard in Resources */ = {isa = PBXBuildFile; fileRef = 20BC432D1FB41C2700CBFFA1 /* LaunchScreen.storyboard */; };
		20BEC8861FDD1A4400A8EC87 /* CalendarViewController.swift in Sources */ = {isa = PBXBuildFile; fileRef = 20BEC8851FDD1A4400A8EC87 /* CalendarViewController.swift */; };
		20BEC88A1FDDC15700A8EC87 /* ViewController.swift in Sources */ = {isa = PBXBuildFile; fileRef = 20BEC8891FDDC15700A8EC87 /* ViewController.swift */; };
		20C3EE881FDA54DD008B9B17 /* User+CoreDataClass.swift in Sources */ = {isa = PBXBuildFile; fileRef = 20C3EE7E1FDA54DB008B9B17 /* User+CoreDataClass.swift */; };
		20C3EE891FDA54DD008B9B17 /* ItemAccess+CoreDataClass.swift in Sources */ = {isa = PBXBuildFile; fileRef = 20C3EE7F1FDA54DC008B9B17 /* ItemAccess+CoreDataClass.swift */; };
		20C3EE8A1FDA54DD008B9B17 /* Bank+CoreDataClass.swift in Sources */ = {isa = PBXBuildFile; fileRef = 20C3EE801FDA54DC008B9B17 /* Bank+CoreDataClass.swift */; };
		20C3EE8B1FDA54DD008B9B17 /* Account+CoreDataClass.swift in Sources */ = {isa = PBXBuildFile; fileRef = 20C3EE811FDA54DC008B9B17 /* Account+CoreDataClass.swift */; };
		20C3EE8C1FDA54DD008B9B17 /* Transaction+CoreDataClass.swift in Sources */ = {isa = PBXBuildFile; fileRef = 20C3EE821FDA54DC008B9B17 /* Transaction+CoreDataClass.swift */; };
		20C3EE8D1FDA54DD008B9B17 /* Bank+CoreDataProperties.swift in Sources */ = {isa = PBXBuildFile; fileRef = 20C3EE831FDA54DC008B9B17 /* Bank+CoreDataProperties.swift */; };
		20C3EE8E1FDA54DD008B9B17 /* Transaction+CoreDataProperties.swift in Sources */ = {isa = PBXBuildFile; fileRef = 20C3EE841FDA54DC008B9B17 /* Transaction+CoreDataProperties.swift */; };
		20C3EE8F1FDA54DD008B9B17 /* User+CoreDataProperties.swift in Sources */ = {isa = PBXBuildFile; fileRef = 20C3EE851FDA54DC008B9B17 /* User+CoreDataProperties.swift */; };
		20C3EE901FDA54DD008B9B17 /* Account+CoreDataProperties.swift in Sources */ = {isa = PBXBuildFile; fileRef = 20C3EE861FDA54DC008B9B17 /* Account+CoreDataProperties.swift */; };
		20C3EE911FDA54DD008B9B17 /* ItemAccess+CoreDataProperties.swift in Sources */ = {isa = PBXBuildFile; fileRef = 20C3EE871FDA54DD008B9B17 /* ItemAccess+CoreDataProperties.swift */; };
		20D3D5C11FB41D7000587569 /* LinkBankAcountViewController.swift in Sources */ = {isa = PBXBuildFile; fileRef = 20D3D5C01FB41D7000587569 /* LinkBankAcountViewController.swift */; };
		20D3D5C51FB43C4A00587569 /* HomeViewController.swift in Sources */ = {isa = PBXBuildFile; fileRef = 20D3D5C41FB43C4A00587569 /* HomeViewController.swift */; };
		20D3D5C81FB4421F00587569 /* Routing.swift in Sources */ = {isa = PBXBuildFile; fileRef = 20D3D5C71FB4421F00587569 /* Routing.swift */; };
		20D3D5CA1FB4542200587569 /* Networking.swift in Sources */ = {isa = PBXBuildFile; fileRef = 20D3D5C91FB4542200587569 /* Networking.swift */; };
		20E97AEB1FDD156800EA2D13 /* calendarViewCell.swift in Sources */ = {isa = PBXBuildFile; fileRef = 20E97AEA1FDD156800EA2D13 /* calendarViewCell.swift */; };
		20E97AEE1FDD17E000EA2D13 /* CollectionDataSource.swift in Sources */ = {isa = PBXBuildFile; fileRef = 20E97AED1FDD17E000EA2D13 /* CollectionDataSource.swift */; };
		8609BA5F1FD6224600627E21 /* Identifiers.swift in Sources */ = {isa = PBXBuildFile; fileRef = 8609BA5E1FD6224600627E21 /* Identifiers.swift */; };
		8609BA641FD6367B00627E21 /* DailyExpenseCell.swift in Sources */ = {isa = PBXBuildFile; fileRef = 8609BA631FD6367B00627E21 /* DailyExpenseCell.swift */; };
		86E504A61FD721B900B359EA /* TotalDayExpenseViewModel.swift in Sources */ = {isa = PBXBuildFile; fileRef = 86E504A51FD721B900B359EA /* TotalDayExpenseViewModel.swift */; };
		86E504A91FD7279200B359EA /* DayExpense.swift in Sources */ = {isa = PBXBuildFile; fileRef = 86E504A81FD7279200B359EA /* DayExpense.swift */; };
		97911A3C895ECD8DACF030BA /* Pods_Core_Project.framework in Frameworks */ = {isa = PBXBuildFile; fileRef = 0DE28ECDB478C48F019A1911 /* Pods_Core_Project.framework */; };
/* End PBXBuildFile section */

/* Begin PBXFileReference section */
		0DE28ECDB478C48F019A1911 /* Pods_Core_Project.framework */ = {isa = PBXFileReference; explicitFileType = wrapper.framework; includeInIndex = 0; path = Pods_Core_Project.framework; sourceTree = BUILT_PRODUCTS_DIR; };
		16BFFE240D2EE6853332A205 /* Pods-Core-Project.debug.xcconfig */ = {isa = PBXFileReference; includeInIndex = 1; lastKnownFileType = text.xcconfig; name = "Pods-Core-Project.debug.xcconfig"; path = "Pods/Target Support Files/Pods-Core-Project/Pods-Core-Project.debug.xcconfig"; sourceTree = "<group>"; };
		200591B71FDE2C0600AC0E74 /* DetailTableViewCell.swift */ = {isa = PBXFileReference; lastKnownFileType = sourcecode.swift; path = DetailTableViewCell.swift; sourceTree = "<group>"; };
		200591B91FDF3DDA00AC0E74 /* MyBankViewController.swift */ = {isa = PBXFileReference; lastKnownFileType = sourcecode.swift; path = MyBankViewController.swift; sourceTree = "<group>"; };
		200591BB1FDF4B4500AC0E74 /* BankCellTableViewCell.swift */ = {isa = PBXFileReference; lastKnownFileType = sourcecode.swift; path = BankCellTableViewCell.swift; sourceTree = "<group>"; };
		200591C11FDF579100AC0E74 /* Balance+CoreDataClass.swift */ = {isa = PBXFileReference; lastKnownFileType = sourcecode.swift; path = "Balance+CoreDataClass.swift"; sourceTree = "<group>"; };
		200591C21FDF579100AC0E74 /* Balance+CoreDataProperties.swift */ = {isa = PBXFileReference; lastKnownFileType = sourcecode.swift; path = "Balance+CoreDataProperties.swift"; sourceTree = "<group>"; };
		207068E01FB988B300AA8F7B /* KeyChain.swift */ = {isa = PBXFileReference; lastKnownFileType = sourcecode.swift; path = KeyChain.swift; sourceTree = "<group>"; };
		20723E771FDA0A3400417C26 /* Core Data Stack.swift */ = {isa = PBXFileReference; lastKnownFileType = sourcecode.swift; path = "Core Data Stack.swift"; sourceTree = "<group>"; };
		20723E791FDA0A8500417C26 /* PlaidOperation.swift */ = {isa = PBXFileReference; lastKnownFileType = sourcecode.swift; path = PlaidOperation.swift; sourceTree = "<group>"; };
		207250401FD8C52B007AD838 /* BankingModel.xcdatamodel */ = {isa = PBXFileReference; lastKnownFileType = wrapper.xcdatamodel; path = BankingModel.xcdatamodel; sourceTree = "<group>"; };
		2084677A1FD77E59008B6C5E /* Plaid+Extension.swift */ = {isa = PBXFileReference; lastKnownFileType = sourcecode.swift; path = "Plaid+Extension.swift"; sourceTree = "<group>"; };
		208FEB861FE109F600624B6A /* CalendarStruct.swift */ = {isa = PBXFileReference; lastKnownFileType = sourcecode.swift; path = CalendarStruct.swift; sourceTree = "<group>"; };
		209745981FE38D19008EA6D8 /* Date+Extension.swift */ = {isa = PBXFileReference; lastKnownFileType = sourcecode.swift; path = "Date+Extension.swift"; sourceTree = "<group>"; };
		2097459A1FE3914E008EA6D8 /* Expense Model.swift */ = {isa = PBXFileReference; lastKnownFileType = sourcecode.swift; path = "Expense Model.swift"; sourceTree = "<group>"; };
		20BBC72B1FDC78290019AE0C /* Core-Project.entitlements */ = {isa = PBXFileReference; lastKnownFileType = text.plist.entitlements; path = "Core-Project.entitlements"; sourceTree = "<group>"; };
		20BBC73C1FDCDA560019AE0C /* Identity+CoreDataClass.swift */ = {isa = PBXFileReference; lastKnownFileType = sourcecode.swift; path = "Identity+CoreDataClass.swift"; sourceTree = "<group>"; };
		20BBC73D1FDCDA560019AE0C /* Identity+CoreDataProperties.swift */ = {isa = PBXFileReference; lastKnownFileType = sourcecode.swift; path = "Identity+CoreDataProperties.swift"; sourceTree = "<group>"; };
		20BBC73E1FDCDA560019AE0C /* PhoneNumber+CoreDataClass.swift */ = {isa = PBXFileReference; lastKnownFileType = sourcecode.swift; path = "PhoneNumber+CoreDataClass.swift"; sourceTree = "<group>"; };
		20BBC73F1FDCDA560019AE0C /* PhoneNumber+CoreDataProperties.swift */ = {isa = PBXFileReference; lastKnownFileType = sourcecode.swift; path = "PhoneNumber+CoreDataProperties.swift"; sourceTree = "<group>"; };
		20BBC7401FDCDA560019AE0C /* Email+CoreDataClass.swift */ = {isa = PBXFileReference; lastKnownFileType = sourcecode.swift; path = "Email+CoreDataClass.swift"; sourceTree = "<group>"; };
		20BBC7411FDCDA560019AE0C /* Email+CoreDataProperties.swift */ = {isa = PBXFileReference; lastKnownFileType = sourcecode.swift; path = "Email+CoreDataProperties.swift"; sourceTree = "<group>"; };
		20BBC7421FDCDA560019AE0C /* Addresses+CoreDataClass.swift */ = {isa = PBXFileReference; lastKnownFileType = sourcecode.swift; path = "Addresses+CoreDataClass.swift"; sourceTree = "<group>"; };
		20BBC7431FDCDA560019AE0C /* Addresses+CoreDataProperties.swift */ = {isa = PBXFileReference; lastKnownFileType = sourcecode.swift; path = "Addresses+CoreDataProperties.swift"; sourceTree = "<group>"; };
		20BBC74D1FDCDD5D0019AE0C /* String Extension.swift */ = {isa = PBXFileReference; lastKnownFileType = sourcecode.swift; path = "String Extension.swift"; sourceTree = "<group>"; };
		20BC43211FB41C2700CBFFA1 /* Core-Project.app */ = {isa = PBXFileReference; explicitFileType = wrapper.application; includeInIndex = 0; path = "Core-Project.app"; sourceTree = BUILT_PRODUCTS_DIR; };
		20BC43241FB41C2700CBFFA1 /* AppDelegate.swift */ = {isa = PBXFileReference; lastKnownFileType = sourcecode.swift; path = AppDelegate.swift; sourceTree = "<group>"; };
		20BC43291FB41C2700CBFFA1 /* Base */ = {isa = PBXFileReference; lastKnownFileType = file.storyboard; name = Base; path = Base.lproj/Main.storyboard; sourceTree = "<group>"; };
		20BC432B1FB41C2700CBFFA1 /* Assets.xcassets */ = {isa = PBXFileReference; lastKnownFileType = folder.assetcatalog; path = Assets.xcassets; sourceTree = "<group>"; };
		20BC432E1FB41C2700CBFFA1 /* Base */ = {isa = PBXFileReference; lastKnownFileType = file.storyboard; name = Base; path = Base.lproj/LaunchScreen.storyboard; sourceTree = "<group>"; };
		20BC43301FB41C2700CBFFA1 /* Info.plist */ = {isa = PBXFileReference; lastKnownFileType = text.plist.xml; path = Info.plist; sourceTree = "<group>"; };
		20BEC8851FDD1A4400A8EC87 /* CalendarViewController.swift */ = {isa = PBXFileReference; lastKnownFileType = sourcecode.swift; path = CalendarViewController.swift; sourceTree = "<group>"; };
		20BEC8891FDDC15700A8EC87 /* ViewController.swift */ = {isa = PBXFileReference; lastKnownFileType = sourcecode.swift; path = ViewController.swift; sourceTree = "<group>"; };
		20C3EE7E1FDA54DB008B9B17 /* User+CoreDataClass.swift */ = {isa = PBXFileReference; fileEncoding = 4; lastKnownFileType = sourcecode.swift; path = "User+CoreDataClass.swift"; sourceTree = "<group>"; };
		20C3EE7F1FDA54DC008B9B17 /* ItemAccess+CoreDataClass.swift */ = {isa = PBXFileReference; fileEncoding = 4; lastKnownFileType = sourcecode.swift; path = "ItemAccess+CoreDataClass.swift"; sourceTree = "<group>"; };
		20C3EE801FDA54DC008B9B17 /* Bank+CoreDataClass.swift */ = {isa = PBXFileReference; fileEncoding = 4; lastKnownFileType = sourcecode.swift; path = "Bank+CoreDataClass.swift"; sourceTree = "<group>"; };
		20C3EE811FDA54DC008B9B17 /* Account+CoreDataClass.swift */ = {isa = PBXFileReference; fileEncoding = 4; lastKnownFileType = sourcecode.swift; path = "Account+CoreDataClass.swift"; sourceTree = "<group>"; };
		20C3EE821FDA54DC008B9B17 /* Transaction+CoreDataClass.swift */ = {isa = PBXFileReference; fileEncoding = 4; lastKnownFileType = sourcecode.swift; path = "Transaction+CoreDataClass.swift"; sourceTree = "<group>"; };
		20C3EE831FDA54DC008B9B17 /* Bank+CoreDataProperties.swift */ = {isa = PBXFileReference; fileEncoding = 4; lastKnownFileType = sourcecode.swift; path = "Bank+CoreDataProperties.swift"; sourceTree = "<group>"; };
		20C3EE841FDA54DC008B9B17 /* Transaction+CoreDataProperties.swift */ = {isa = PBXFileReference; fileEncoding = 4; lastKnownFileType = sourcecode.swift; path = "Transaction+CoreDataProperties.swift"; sourceTree = "<group>"; };
		20C3EE851FDA54DC008B9B17 /* User+CoreDataProperties.swift */ = {isa = PBXFileReference; fileEncoding = 4; lastKnownFileType = sourcecode.swift; path = "User+CoreDataProperties.swift"; sourceTree = "<group>"; };
		20C3EE861FDA54DC008B9B17 /* Account+CoreDataProperties.swift */ = {isa = PBXFileReference; fileEncoding = 4; lastKnownFileType = sourcecode.swift; path = "Account+CoreDataProperties.swift"; sourceTree = "<group>"; };
		20C3EE871FDA54DD008B9B17 /* ItemAccess+CoreDataProperties.swift */ = {isa = PBXFileReference; fileEncoding = 4; lastKnownFileType = sourcecode.swift; path = "ItemAccess+CoreDataProperties.swift"; sourceTree = "<group>"; };
		20D3D5C01FB41D7000587569 /* LinkBankAcountViewController.swift */ = {isa = PBXFileReference; lastKnownFileType = sourcecode.swift; path = LinkBankAcountViewController.swift; sourceTree = "<group>"; };
		20D3D5C41FB43C4A00587569 /* HomeViewController.swift */ = {isa = PBXFileReference; lastKnownFileType = sourcecode.swift; path = HomeViewController.swift; sourceTree = "<group>"; };
		20D3D5C71FB4421F00587569 /* Routing.swift */ = {isa = PBXFileReference; lastKnownFileType = sourcecode.swift; path = Routing.swift; sourceTree = "<group>"; };
		20D3D5C91FB4542200587569 /* Networking.swift */ = {isa = PBXFileReference; lastKnownFileType = sourcecode.swift; path = Networking.swift; sourceTree = "<group>"; };
		20E97AEA1FDD156800EA2D13 /* calendarViewCell.swift */ = {isa = PBXFileReference; lastKnownFileType = sourcecode.swift; path = calendarViewCell.swift; sourceTree = "<group>"; };
		20E97AED1FDD17E000EA2D13 /* CollectionDataSource.swift */ = {isa = PBXFileReference; lastKnownFileType = sourcecode.swift; path = CollectionDataSource.swift; sourceTree = "<group>"; };
		8609BA5E1FD6224600627E21 /* Identifiers.swift */ = {isa = PBXFileReference; lastKnownFileType = sourcecode.swift; path = Identifiers.swift; sourceTree = "<group>"; };
		8609BA631FD6367B00627E21 /* DailyExpenseCell.swift */ = {isa = PBXFileReference; lastKnownFileType = sourcecode.swift; path = DailyExpenseCell.swift; sourceTree = "<group>"; };
		86E504A51FD721B900B359EA /* TotalDayExpenseViewModel.swift */ = {isa = PBXFileReference; lastKnownFileType = sourcecode.swift; path = TotalDayExpenseViewModel.swift; sourceTree = "<group>"; };
		86E504A81FD7279200B359EA /* DayExpense.swift */ = {isa = PBXFileReference; lastKnownFileType = sourcecode.swift; path = DayExpense.swift; sourceTree = "<group>"; };
		ED8215E598567A1835A6CF01 /* Pods-Core-Project.release.xcconfig */ = {isa = PBXFileReference; includeInIndex = 1; lastKnownFileType = text.xcconfig; name = "Pods-Core-Project.release.xcconfig"; path = "Pods/Target Support Files/Pods-Core-Project/Pods-Core-Project.release.xcconfig"; sourceTree = "<group>"; };
/* End PBXFileReference section */

/* Begin PBXFrameworksBuildPhase section */
		20BC431E1FB41C2700CBFFA1 /* Frameworks */ = {
			isa = PBXFrameworksBuildPhase;
			buildActionMask = 2147483647;
			files = (
				97911A3C895ECD8DACF030BA /* Pods_Core_Project.framework in Frameworks */,
			);
			runOnlyForDeploymentPostprocessing = 0;
		};
/* End PBXFrameworksBuildPhase section */

/* Begin PBXGroup section */
		2072503E1FD8C4E1007AD838 /* Core Data Model */ = {
			isa = PBXGroup;
			children = (
				200591C11FDF579100AC0E74 /* Balance+CoreDataClass.swift */,
				200591C21FDF579100AC0E74 /* Balance+CoreDataProperties.swift */,
				20BBC73C1FDCDA560019AE0C /* Identity+CoreDataClass.swift */,
				20BBC73D1FDCDA560019AE0C /* Identity+CoreDataProperties.swift */,
				20BBC73E1FDCDA560019AE0C /* PhoneNumber+CoreDataClass.swift */,
				20BBC73F1FDCDA560019AE0C /* PhoneNumber+CoreDataProperties.swift */,
				20BBC7401FDCDA560019AE0C /* Email+CoreDataClass.swift */,
				20BBC7411FDCDA560019AE0C /* Email+CoreDataProperties.swift */,
				20BBC7421FDCDA560019AE0C /* Addresses+CoreDataClass.swift */,
				20BBC7431FDCDA560019AE0C /* Addresses+CoreDataProperties.swift */,
				20C3EE801FDA54DC008B9B17 /* Bank+CoreDataClass.swift */,
				20C3EE831FDA54DC008B9B17 /* Bank+CoreDataProperties.swift */,
				20C3EE811FDA54DC008B9B17 /* Account+CoreDataClass.swift */,
				20C3EE861FDA54DC008B9B17 /* Account+CoreDataProperties.swift */,
				20C3EE7E1FDA54DB008B9B17 /* User+CoreDataClass.swift */,
				20C3EE851FDA54DC008B9B17 /* User+CoreDataProperties.swift */,
				20C3EE7F1FDA54DC008B9B17 /* ItemAccess+CoreDataClass.swift */,
				20C3EE871FDA54DD008B9B17 /* ItemAccess+CoreDataProperties.swift */,
				20C3EE821FDA54DC008B9B17 /* Transaction+CoreDataClass.swift */,
				20C3EE841FDA54DC008B9B17 /* Transaction+CoreDataProperties.swift */,
				2072503F1FD8C52B007AD838 /* BankingModel.xcdatamodeld */,
			);
			path = "Core Data Model";
			sourceTree = "<group>";
		};
		208467781FD77E16008B6C5E /* Extensions */ = {
			isa = PBXGroup;
			children = (
				20BBC74C1FDCDD3A0019AE0C /* String+Extension */,
				208467791FD77E30008B6C5E /* Plaid Extensions */,
				209745981FE38D19008EA6D8 /* Date+Extension.swift */,
			);
			path = Extensions;
			sourceTree = "<group>";
		};
		208467791FD77E30008B6C5E /* Plaid Extensions */ = {
			isa = PBXGroup;
			children = (
				2084677A1FD77E59008B6C5E /* Plaid+Extension.swift */,
				20723E791FDA0A8500417C26 /* PlaidOperation.swift */,
			);
			path = "Plaid Extensions";
			sourceTree = "<group>";
		};
		20BBC74C1FDCDD3A0019AE0C /* String+Extension */ = {
			isa = PBXGroup;
			children = (
				20BBC74D1FDCDD5D0019AE0C /* String Extension.swift */,
			);
			path = "String+Extension";
			sourceTree = "<group>";
		};
		20BC43181FB41C2700CBFFA1 = {
			isa = PBXGroup;
			children = (
				20BC43231FB41C2700CBFFA1 /* Core-Project */,
				20BC43221FB41C2700CBFFA1 /* Products */,
				43AF1D931BC4AA03EB972804 /* Pods */,
				25954E39221EE668D7B574B5 /* Frameworks */,
			);
			sourceTree = "<group>";
		};
		20BC43221FB41C2700CBFFA1 /* Products */ = {
			isa = PBXGroup;
			children = (
				20BC43211FB41C2700CBFFA1 /* Core-Project.app */,
			);
			name = Products;
			sourceTree = "<group>";
		};
		20BC43231FB41C2700CBFFA1 /* Core-Project */ = {
			isa = PBXGroup;
			children = (
				20E97AEC1FDD17BD00EA2D13 /* UI */,
				20BBC72B1FDC78290019AE0C /* Core-Project.entitlements */,
				208467781FD77E16008B6C5E /* Extensions */,
				8609BA611FD6322200627E21 /* Helpers */,
				20D3D5C61FB4420500587569 /* Services */,
				86E504A71FD721BC00B359EA /* View Models */,
				20D3D5BF1FB41D0500587569 /* Model */,
				8609BA651FD6368200627E21 /* Views */,
				20D3D5BE1FB41CF500587569 /* Controllers */,
				20BC43241FB41C2700CBFFA1 /* AppDelegate.swift */,
				20BC43281FB41C2700CBFFA1 /* Main.storyboard */,
				20BC432B1FB41C2700CBFFA1 /* Assets.xcassets */,
				20BC432D1FB41C2700CBFFA1 /* LaunchScreen.storyboard */,
				8609BA621FD6354200627E21 /* Supporting Files */,
			);
			path = "Core-Project";
			sourceTree = "<group>";
		};
		20D3D5BE1FB41CF500587569 /* Controllers */ = {
			isa = PBXGroup;
			children = (
				20D3D5C41FB43C4A00587569 /* HomeViewController.swift */,
				20D3D5C01FB41D7000587569 /* LinkBankAcountViewController.swift */,
				20BEC8851FDD1A4400A8EC87 /* CalendarViewController.swift */,
				20BEC8891FDDC15700A8EC87 /* ViewController.swift */,
				200591B91FDF3DDA00AC0E74 /* MyBankViewController.swift */,
			);
			path = Controllers;
			sourceTree = "<group>";
		};
		20D3D5BF1FB41D0500587569 /* Model */ = {
			isa = PBXGroup;
			children = (
				2072503E1FD8C4E1007AD838 /* Core Data Model */,
				86E504A81FD7279200B359EA /* DayExpense.swift */,
				20723E771FDA0A3400417C26 /* Core Data Stack.swift */,
				2097459A1FE3914E008EA6D8 /* Expense Model.swift */,
			);
			path = Model;
			sourceTree = "<group>";
		};
		20D3D5C61FB4420500587569 /* Services */ = {
			isa = PBXGroup;
			children = (
				20D3D5C71FB4421F00587569 /* Routing.swift */,
				20D3D5C91FB4542200587569 /* Networking.swift */,
				207068E01FB988B300AA8F7B /* KeyChain.swift */,
			);
			path = Services;
			sourceTree = "<group>";
		};
		20E97AEC1FDD17BD00EA2D13 /* UI */ = {
			isa = PBXGroup;
			children = (
				20E97AED1FDD17E000EA2D13 /* CollectionDataSource.swift */,
			);
			path = UI;
			sourceTree = "<group>";
		};
		25954E39221EE668D7B574B5 /* Frameworks */ = {
			isa = PBXGroup;
			children = (
				0DE28ECDB478C48F019A1911 /* Pods_Core_Project.framework */,
			);
			name = Frameworks;
			sourceTree = "<group>";
		};
		43AF1D931BC4AA03EB972804 /* Pods */ = {
			isa = PBXGroup;
			children = (
				16BFFE240D2EE6853332A205 /* Pods-Core-Project.debug.xcconfig */,
				ED8215E598567A1835A6CF01 /* Pods-Core-Project.release.xcconfig */,
			);
			name = Pods;
			sourceTree = "<group>";
		};
		8609BA611FD6322200627E21 /* Helpers */ = {
			isa = PBXGroup;
			children = (
				8609BA5E1FD6224600627E21 /* Identifiers.swift */,
			);
			path = Helpers;
			sourceTree = "<group>";
		};
		8609BA621FD6354200627E21 /* Supporting Files */ = {
			isa = PBXGroup;
			children = (
				20BC43301FB41C2700CBFFA1 /* Info.plist */,
			);
			path = "Supporting Files";
			sourceTree = "<group>";
		};
		8609BA651FD6368200627E21 /* Views */ = {
			isa = PBXGroup;
			children = (
				8609BA631FD6367B00627E21 /* DailyExpenseCell.swift */,
			);
			path = Views;
			sourceTree = "<group>";
		};
		86E504A71FD721BC00B359EA /* View Models */ = {
			isa = PBXGroup;
			children = (
				86E504A51FD721B900B359EA /* TotalDayExpenseViewModel.swift */,
				20E97AEA1FDD156800EA2D13 /* calendarViewCell.swift */,
				200591B71FDE2C0600AC0E74 /* DetailTableViewCell.swift */,
				200591BB1FDF4B4500AC0E74 /* BankCellTableViewCell.swift */,
				208FEB861FE109F600624B6A /* CalendarStruct.swift */,
			);
			path = "View Models";
			sourceTree = "<group>";
		};
/* End PBXGroup section */

/* Begin PBXNativeTarget section */
		20BC43201FB41C2700CBFFA1 /* Core-Project */ = {
			isa = PBXNativeTarget;
			buildConfigurationList = 20BC43331FB41C2700CBFFA1 /* Build configuration list for PBXNativeTarget "Core-Project" */;
			buildPhases = (
				291F7E318184D6F8DA2DC95A /* [CP] Check Pods Manifest.lock */,
				20BC431D1FB41C2700CBFFA1 /* Sources */,
				20BC431E1FB41C2700CBFFA1 /* Frameworks */,
				20BC431F1FB41C2700CBFFA1 /* Resources */,
				C2225AD98BB3372C06ABE9E5 /* [CP] Embed Pods Frameworks */,
				A36BF0BAE7694AFCB8BB6C30 /* [CP] Copy Pods Resources */,
			);
			buildRules = (
			);
			dependencies = (
			);
			name = "Core-Project";
			productName = "Core-Project";
			productReference = 20BC43211FB41C2700CBFFA1 /* Core-Project.app */;
			productType = "com.apple.product-type.application";
		};
/* End PBXNativeTarget section */

/* Begin PBXProject section */
		20BC43191FB41C2700CBFFA1 /* Project object */ = {
			isa = PBXProject;
			attributes = {
				LastSwiftUpdateCheck = 0900;
				LastUpgradeCheck = 0900;
				ORGANIZATIONNAME = Yveslym;
				TargetAttributes = {
					20BC43201FB41C2700CBFFA1 = {
						CreatedOnToolsVersion = 9.0.1;
						ProvisioningStyle = Automatic;
						SystemCapabilities = {
							com.apple.Keychain = {
								enabled = 1;
							};
						};
					};
				};
			};
			buildConfigurationList = 20BC431C1FB41C2700CBFFA1 /* Build configuration list for PBXProject "Core-Project" */;
			compatibilityVersion = "Xcode 8.0";
			developmentRegion = en;
			hasScannedForEncodings = 0;
			knownRegions = (
				en,
				Base,
			);
			mainGroup = 20BC43181FB41C2700CBFFA1;
			productRefGroup = 20BC43221FB41C2700CBFFA1 /* Products */;
			projectDirPath = "";
			projectRoot = "";
			targets = (
				20BC43201FB41C2700CBFFA1 /* Core-Project */,
			);
		};
/* End PBXProject section */

/* Begin PBXResourcesBuildPhase section */
		20BC431F1FB41C2700CBFFA1 /* Resources */ = {
			isa = PBXResourcesBuildPhase;
			buildActionMask = 2147483647;
			files = (
				20BC432F1FB41C2700CBFFA1 /* LaunchScreen.storyboard in Resources */,
				20BC432C1FB41C2700CBFFA1 /* Assets.xcassets in Resources */,
				20BC432A1FB41C2700CBFFA1 /* Main.storyboard in Resources */,
			);
			runOnlyForDeploymentPostprocessing = 0;
		};
/* End PBXResourcesBuildPhase section */

/* Begin PBXShellScriptBuildPhase section */
		291F7E318184D6F8DA2DC95A /* [CP] Check Pods Manifest.lock */ = {
			isa = PBXShellScriptBuildPhase;
			buildActionMask = 2147483647;
			files = (
			);
			inputPaths = (
				"${PODS_PODFILE_DIR_PATH}/Podfile.lock",
				"${PODS_ROOT}/Manifest.lock",
			);
			name = "[CP] Check Pods Manifest.lock";
			outputPaths = (
				"$(DERIVED_FILE_DIR)/Pods-Core-Project-checkManifestLockResult.txt",
			);
			runOnlyForDeploymentPostprocessing = 0;
			shellPath = /bin/sh;
			shellScript = "diff \"${PODS_PODFILE_DIR_PATH}/Podfile.lock\" \"${PODS_ROOT}/Manifest.lock\" > /dev/null\nif [ $? != 0 ] ; then\n    # print error to STDERR\n    echo \"error: The sandbox is not in sync with the Podfile.lock. Run 'pod install' or update your CocoaPods installation.\" >&2\n    exit 1\nfi\n# This output is used by Xcode 'outputs' to avoid re-running this script phase.\necho \"SUCCESS\" > \"${SCRIPT_OUTPUT_FILE_0}\"\n";
			showEnvVarsInLog = 0;
		};
		A36BF0BAE7694AFCB8BB6C30 /* [CP] Copy Pods Resources */ = {
			isa = PBXShellScriptBuildPhase;
			buildActionMask = 2147483647;
			files = (
			);
			inputPaths = (
			);
			name = "[CP] Copy Pods Resources";
			outputPaths = (
			);
			runOnlyForDeploymentPostprocessing = 0;
			shellPath = /bin/sh;
			shellScript = "\"${SRCROOT}/Pods/Target Support Files/Pods-Core-Project/Pods-Core-Project-resources.sh\"\n";
			showEnvVarsInLog = 0;
		};
		C2225AD98BB3372C06ABE9E5 /* [CP] Embed Pods Frameworks */ = {
			isa = PBXShellScriptBuildPhase;
			buildActionMask = 2147483647;
			files = (
			);
			inputPaths = (
				"${SRCROOT}/Pods/Target Support Files/Pods-Core-Project/Pods-Core-Project-frameworks.sh",
				"${BUILT_PRODUCTS_DIR}/JTAppleCalendar/JTAppleCalendar.framework",
				"${BUILT_PRODUCTS_DIR}/KeychainSwift/KeychainSwift.framework",
				"${PODS_ROOT}/Plaid/ios/LinkKit.framework",
				"${BUILT_PRODUCTS_DIR}/SwiftCharts/SwiftCharts.framework",
			);
			name = "[CP] Embed Pods Frameworks";
			outputPaths = (
				"${TARGET_BUILD_DIR}/${FRAMEWORKS_FOLDER_PATH}/JTAppleCalendar.framework",
				"${TARGET_BUILD_DIR}/${FRAMEWORKS_FOLDER_PATH}/KeychainSwift.framework",
				"${TARGET_BUILD_DIR}/${FRAMEWORKS_FOLDER_PATH}/LinkKit.framework",
				"${TARGET_BUILD_DIR}/${FRAMEWORKS_FOLDER_PATH}/SwiftCharts.framework",
			);
			runOnlyForDeploymentPostprocessing = 0;
			shellPath = /bin/sh;
			shellScript = "\"${SRCROOT}/Pods/Target Support Files/Pods-Core-Project/Pods-Core-Project-frameworks.sh\"\n";
			showEnvVarsInLog = 0;
		};
/* End PBXShellScriptBuildPhase section */

/* Begin PBXSourcesBuildPhase section */
		20BC431D1FB41C2700CBFFA1 /* Sources */ = {
			isa = PBXSourcesBuildPhase;
			buildActionMask = 2147483647;
			files = (
				200591C31FDF579100AC0E74 /* Balance+CoreDataClass.swift in Sources */,
				20BBC7481FDCDA560019AE0C /* Email+CoreDataClass.swift in Sources */,
				207250411FD8C52C007AD838 /* BankingModel.xcdatamodeld in Sources */,
				20BBC7451FDCDA560019AE0C /* Identity+CoreDataProperties.swift in Sources */,
				20BBC7441FDCDA560019AE0C /* Identity+CoreDataClass.swift in Sources */,
				20D3D5C81FB4421F00587569 /* Routing.swift in Sources */,
				20E97AEE1FDD17E000EA2D13 /* CollectionDataSource.swift in Sources */,
				200591BA1FDF3DDA00AC0E74 /* MyBankViewController.swift in Sources */,
				20C3EE8C1FDA54DD008B9B17 /* Transaction+CoreDataClass.swift in Sources */,
				86E504A91FD7279200B359EA /* DayExpense.swift in Sources */,
				20D3D5C11FB41D7000587569 /* LinkBankAcountViewController.swift in Sources */,
				200591C41FDF579100AC0E74 /* Balance+CoreDataProperties.swift in Sources */,
				20D3D5CA1FB4542200587569 /* Networking.swift in Sources */,
				20C3EE8F1FDA54DD008B9B17 /* User+CoreDataProperties.swift in Sources */,
				20C3EE8E1FDA54DD008B9B17 /* Transaction+CoreDataProperties.swift in Sources */,
				20C3EE8A1FDA54DD008B9B17 /* Bank+CoreDataClass.swift in Sources */,
				207068E11FB988B300AA8F7B /* KeyChain.swift in Sources */,
				20BBC7491FDCDA560019AE0C /* Email+CoreDataProperties.swift in Sources */,
				20723E7A1FDA0A8500417C26 /* PlaidOperation.swift in Sources */,
				20E97AEB1FDD156800EA2D13 /* calendarViewCell.swift in Sources */,
				20BBC74E1FDCDD5D0019AE0C /* String Extension.swift in Sources */,
				8609BA641FD6367B00627E21 /* DailyExpenseCell.swift in Sources */,
				20BEC8861FDD1A4400A8EC87 /* CalendarViewController.swift in Sources */,
				20723E781FDA0A3400417C26 /* Core Data Stack.swift in Sources */,
				200591B81FDE2C0600AC0E74 /* DetailTableViewCell.swift in Sources */,
				20C3EE891FDA54DD008B9B17 /* ItemAccess+CoreDataClass.swift in Sources */,
				20C3EE901FDA54DD008B9B17 /* Account+CoreDataProperties.swift in Sources */,
				20BBC74A1FDCDA560019AE0C /* Addresses+CoreDataClass.swift in Sources */,
				20BC43251FB41C2700CBFFA1 /* AppDelegate.swift in Sources */,
				8609BA5F1FD6224600627E21 /* Identifiers.swift in Sources */,
				200591BC1FDF4B4500AC0E74 /* BankCellTableViewCell.swift in Sources */,
				20BBC7471FDCDA560019AE0C /* PhoneNumber+CoreDataProperties.swift in Sources */,
				20BEC88A1FDDC15700A8EC87 /* ViewController.swift in Sources */,
				20C3EE8B1FDA54DD008B9B17 /* Account+CoreDataClass.swift in Sources */,
				20BBC7461FDCDA560019AE0C /* PhoneNumber+CoreDataClass.swift in Sources */,
				20C3EE881FDA54DD008B9B17 /* User+CoreDataClass.swift in Sources */,
				20D3D5C51FB43C4A00587569 /* HomeViewController.swift in Sources */,
				2097459B1FE3914E008EA6D8 /* Expense Model.swift in Sources */,
				208FEB871FE109F600624B6A /* CalendarStruct.swift in Sources */,
				2084677B1FD77E59008B6C5E /* Plaid+Extension.swift in Sources */,
				20BBC74B1FDCDA560019AE0C /* Addresses+CoreDataProperties.swift in Sources */,
				20C3EE8D1FDA54DD008B9B17 /* Bank+CoreDataProperties.swift in Sources */,
				20C3EE911FDA54DD008B9B17 /* ItemAccess+CoreDataProperties.swift in Sources */,
				209745991FE38D19008EA6D8 /* Date+Extension.swift in Sources */,
				86E504A61FD721B900B359EA /* TotalDayExpenseViewModel.swift in Sources */,
			);
			runOnlyForDeploymentPostprocessing = 0;
		};
/* End PBXSourcesBuildPhase section */

/* Begin PBXVariantGroup section */
		20BC43281FB41C2700CBFFA1 /* Main.storyboard */ = {
			isa = PBXVariantGroup;
			children = (
				20BC43291FB41C2700CBFFA1 /* Base */,
			);
			name = Main.storyboard;
			sourceTree = "<group>";
		};
		20BC432D1FB41C2700CBFFA1 /* LaunchScreen.storyboard */ = {
			isa = PBXVariantGroup;
			children = (
				20BC432E1FB41C2700CBFFA1 /* Base */,
			);
			name = LaunchScreen.storyboard;
			sourceTree = "<group>";
		};
/* End PBXVariantGroup section */

/* Begin XCBuildConfiguration section */
		20BC43311FB41C2700CBFFA1 /* Debug */ = {
			isa = XCBuildConfiguration;
			buildSettings = {
				ALWAYS_SEARCH_USER_PATHS = NO;
				CLANG_ANALYZER_NONNULL = YES;
				CLANG_ANALYZER_NUMBER_OBJECT_CONVERSION = YES_AGGRESSIVE;
				CLANG_CXX_LANGUAGE_STANDARD = "gnu++14";
				CLANG_CXX_LIBRARY = "libc++";
				CLANG_ENABLE_MODULES = YES;
				CLANG_ENABLE_OBJC_ARC = YES;
				CLANG_WARN_BLOCK_CAPTURE_AUTORELEASING = YES;
				CLANG_WARN_BOOL_CONVERSION = YES;
				CLANG_WARN_COMMA = YES;
				CLANG_WARN_CONSTANT_CONVERSION = YES;
				CLANG_WARN_DIRECT_OBJC_ISA_USAGE = YES_ERROR;
				CLANG_WARN_DOCUMENTATION_COMMENTS = YES;
				CLANG_WARN_EMPTY_BODY = YES;
				CLANG_WARN_ENUM_CONVERSION = YES;
				CLANG_WARN_INFINITE_RECURSION = YES;
				CLANG_WARN_INT_CONVERSION = YES;
				CLANG_WARN_NON_LITERAL_NULL_CONVERSION = YES;
				CLANG_WARN_OBJC_LITERAL_CONVERSION = YES;
				CLANG_WARN_OBJC_ROOT_CLASS = YES_ERROR;
				CLANG_WARN_RANGE_LOOP_ANALYSIS = YES;
				CLANG_WARN_STRICT_PROTOTYPES = YES;
				CLANG_WARN_SUSPICIOUS_MOVE = YES;
				CLANG_WARN_UNGUARDED_AVAILABILITY = YES_AGGRESSIVE;
				CLANG_WARN_UNREACHABLE_CODE = YES;
				CLANG_WARN__DUPLICATE_METHOD_MATCH = YES;
				CODE_SIGN_IDENTITY = "iPhone Developer";
				COPY_PHASE_STRIP = NO;
				DEBUG_INFORMATION_FORMAT = dwarf;
				ENABLE_STRICT_OBJC_MSGSEND = YES;
				ENABLE_TESTABILITY = YES;
				GCC_C_LANGUAGE_STANDARD = gnu11;
				GCC_DYNAMIC_NO_PIC = NO;
				GCC_NO_COMMON_BLOCKS = YES;
				GCC_OPTIMIZATION_LEVEL = 0;
				GCC_PREPROCESSOR_DEFINITIONS = (
					"DEBUG=1",
					"$(inherited)",
				);
				GCC_WARN_64_TO_32_BIT_CONVERSION = YES;
				GCC_WARN_ABOUT_RETURN_TYPE = YES_ERROR;
				GCC_WARN_UNDECLARED_SELECTOR = YES;
				GCC_WARN_UNINITIALIZED_AUTOS = YES_AGGRESSIVE;
				GCC_WARN_UNUSED_FUNCTION = YES;
				GCC_WARN_UNUSED_VARIABLE = YES;
				IPHONEOS_DEPLOYMENT_TARGET = 11.0;
				MTL_ENABLE_DEBUG_INFO = YES;
				ONLY_ACTIVE_ARCH = YES;
				SDKROOT = iphoneos;
				SWIFT_ACTIVE_COMPILATION_CONDITIONS = DEBUG;
				SWIFT_OPTIMIZATION_LEVEL = "-Onone";
			};
			name = Debug;
		};
		20BC43321FB41C2700CBFFA1 /* Release */ = {
			isa = XCBuildConfiguration;
			buildSettings = {
				ALWAYS_SEARCH_USER_PATHS = NO;
				CLANG_ANALYZER_NONNULL = YES;
				CLANG_ANALYZER_NUMBER_OBJECT_CONVERSION = YES_AGGRESSIVE;
				CLANG_CXX_LANGUAGE_STANDARD = "gnu++14";
				CLANG_CXX_LIBRARY = "libc++";
				CLANG_ENABLE_MODULES = YES;
				CLANG_ENABLE_OBJC_ARC = YES;
				CLANG_WARN_BLOCK_CAPTURE_AUTORELEASING = YES;
				CLANG_WARN_BOOL_CONVERSION = YES;
				CLANG_WARN_COMMA = YES;
				CLANG_WARN_CONSTANT_CONVERSION = YES;
				CLANG_WARN_DIRECT_OBJC_ISA_USAGE = YES_ERROR;
				CLANG_WARN_DOCUMENTATION_COMMENTS = YES;
				CLANG_WARN_EMPTY_BODY = YES;
				CLANG_WARN_ENUM_CONVERSION = YES;
				CLANG_WARN_INFINITE_RECURSION = YES;
				CLANG_WARN_INT_CONVERSION = YES;
				CLANG_WARN_NON_LITERAL_NULL_CONVERSION = YES;
				CLANG_WARN_OBJC_LITERAL_CONVERSION = YES;
				CLANG_WARN_OBJC_ROOT_CLASS = YES_ERROR;
				CLANG_WARN_RANGE_LOOP_ANALYSIS = YES;
				CLANG_WARN_STRICT_PROTOTYPES = YES;
				CLANG_WARN_SUSPICIOUS_MOVE = YES;
				CLANG_WARN_UNGUARDED_AVAILABILITY = YES_AGGRESSIVE;
				CLANG_WARN_UNREACHABLE_CODE = YES;
				CLANG_WARN__DUPLICATE_METHOD_MATCH = YES;
				CODE_SIGN_IDENTITY = "iPhone Developer";
				COPY_PHASE_STRIP = NO;
				DEBUG_INFORMATION_FORMAT = "dwarf-with-dsym";
				ENABLE_NS_ASSERTIONS = NO;
				ENABLE_STRICT_OBJC_MSGSEND = YES;
				GCC_C_LANGUAGE_STANDARD = gnu11;
				GCC_NO_COMMON_BLOCKS = YES;
				GCC_WARN_64_TO_32_BIT_CONVERSION = YES;
				GCC_WARN_ABOUT_RETURN_TYPE = YES_ERROR;
				GCC_WARN_UNDECLARED_SELECTOR = YES;
				GCC_WARN_UNINITIALIZED_AUTOS = YES_AGGRESSIVE;
				GCC_WARN_UNUSED_FUNCTION = YES;
				GCC_WARN_UNUSED_VARIABLE = YES;
				IPHONEOS_DEPLOYMENT_TARGET = 11.0;
				MTL_ENABLE_DEBUG_INFO = NO;
				SDKROOT = iphoneos;
				SWIFT_OPTIMIZATION_LEVEL = "-Owholemodule";
				VALIDATE_PRODUCT = YES;
			};
			name = Release;
		};
		20BC43341FB41C2700CBFFA1 /* Debug */ = {
			isa = XCBuildConfiguration;
			baseConfigurationReference = 16BFFE240D2EE6853332A205 /* Pods-Core-Project.debug.xcconfig */;
			buildSettings = {
				ASSETCATALOG_COMPILER_APPICON_NAME = AppIcon;
				CODE_SIGN_ENTITLEMENTS = "Core-Project/Core-Project.entitlements";
				CODE_SIGN_STYLE = Automatic;
				DEVELOPMENT_TEAM = K7R433H2CL;
				INFOPLIST_FILE = "$(SRCROOT)/Core-Project/Supporting Files/Info.plist";
				LD_RUNPATH_SEARCH_PATHS = "$(inherited) @executable_path/Frameworks";
				PRODUCT_BUNDLE_IDENTIFIER = "yveslym-corp.Core-Project";
				PRODUCT_NAME = "$(TARGET_NAME)";
				SWIFT_VERSION = 4.0;
				TARGETED_DEVICE_FAMILY = "1,2";
			};
			name = Debug;
		};
		20BC43351FB41C2700CBFFA1 /* Release */ = {
			isa = XCBuildConfiguration;
			baseConfigurationReference = ED8215E598567A1835A6CF01 /* Pods-Core-Project.release.xcconfig */;
			buildSettings = {
				ASSETCATALOG_COMPILER_APPICON_NAME = AppIcon;
				CODE_SIGN_ENTITLEMENTS = "Core-Project/Core-Project.entitlements";
				CODE_SIGN_STYLE = Automatic;
				DEVELOPMENT_TEAM = K7R433H2CL;
				INFOPLIST_FILE = "$(SRCROOT)/Core-Project/Supporting Files/Info.plist";
				LD_RUNPATH_SEARCH_PATHS = "$(inherited) @executable_path/Frameworks";
				PRODUCT_BUNDLE_IDENTIFIER = "yveslym-corp.Core-Project";
				PRODUCT_NAME = "$(TARGET_NAME)";
				SWIFT_VERSION = 4.0;
				TARGETED_DEVICE_FAMILY = "1,2";
			};
			name = Release;
		};
/* End XCBuildConfiguration section */

/* Begin XCConfigurationList section */
		20BC431C1FB41C2700CBFFA1 /* Build configuration list for PBXProject "Core-Project" */ = {
			isa = XCConfigurationList;
			buildConfigurations = (
				20BC43311FB41C2700CBFFA1 /* Debug */,
				20BC43321FB41C2700CBFFA1 /* Release */,
			);
			defaultConfigurationIsVisible = 0;
			defaultConfigurationName = Release;
		};
		20BC43331FB41C2700CBFFA1 /* Build configuration list for PBXNativeTarget "Core-Project" */ = {
			isa = XCConfigurationList;
			buildConfigurations = (
				20BC43341FB41C2700CBFFA1 /* Debug */,
				20BC43351FB41C2700CBFFA1 /* Release */,
			);
			defaultConfigurationIsVisible = 0;
			defaultConfigurationName = Release;
		};
/* End XCConfigurationList section */

/* Begin XCVersionGroup section */
		2072503F1FD8C52B007AD838 /* BankingModel.xcdatamodeld */ = {
			isa = XCVersionGroup;
			children = (
				207250401FD8C52B007AD838 /* BankingModel.xcdatamodel */,
			);
			currentVersion = 207250401FD8C52B007AD838 /* BankingModel.xcdatamodel */;
			path = BankingModel.xcdatamodeld;
			sourceTree = "<group>";
			versionGroupType = wrapper.xcdatamodel;
		};
/* End XCVersionGroup section */
	};
	rootObject = 20BC43191FB41C2700CBFFA1 /* Project object */;
}
